
Microsoft Visual Studio Solution File, Format Version 12.00
# Visual Studio Version 16
VisualStudioVersion = 16.0.32126.315
MinimumVisualStudioVersion = 10.0.40219.1
Project("{FAE04EC0-301F-11D3-BF4B-00C04F79EFBC}") = "HttpClientDem", "HttpClientDem.csproj", "{58198943-7A3A-4360-ABC6-E0F281EE983A}"
EndProject
Global
	GlobalSection(SolutionConfigurationPlatforms) = preSolution
		Debug|Any CPU = Debug|Any CPU
		Release|Any CPU = Release|Any CPU
	EndGlobalSection
	GlobalSection(ProjectConfigurationPlatforms) = postSolution
		{58198943-7A3A-4360-ABC6-E0F281EE983A}.Debug|Any CPU.ActiveCfg = Debug|Any CPU
		{58198943-7A3A-4360-ABC6-E0F281EE983A}.Debug|Any CPU.Build.0 = Debug|Any CPU
		{58198943-7A3A-4360-ABC6-E0F281EE983A}.Release|Any CPU.ActiveCfg = Release|Any CPU
		{58198943-7A3A-4360-ABC6-E0F281EE983A}.Release|Any CPU.Build.0 = Release|Any CPU
	EndGlobalSection
	GlobalSection(SolutionProperties) = preSolution
		HideSolutionNode = FALSE
	EndGlobalSection
	GlobalSection(ExtensibilityGlobals) = postSolution
		SolutionGuid = {A394BD29-D065-4D4A-9E5D-A715397A5E89}
	EndGlobalSection
EndGlobal
